
Microsoft Visual Studio Solution File, Format Version 12.00
# Visual Studio Version 17
VisualStudioVersion = 17.11.35303.130
MinimumVisualStudioVersion = 10.0.40219.1
Project("{2150E333-8FDC-42A3-9474-1A3956D46DE8}") = "Applications", "Applications", "{BB02ED29-C791-4BC1-B363-7F6E318ACA28}"
EndProject
Project("{2150E333-8FDC-42A3-9474-1A3956D46DE8}") = "Libraries", "Libraries", "{0C5B8ED5-2257-4679-ACA8-96A93A88DB44}"
EndProject
Project("{9A19103F-16F7-4668-BE54-9A1E7A4F7556}") = "SV21T1020123.Web", "SV21T1020123.Web\SV21T1020123.Web.csproj", "{2BFAD697-6F6F-4B76-A65E-D179CD1CE18A}"
EndProject
Project("{9A19103F-16F7-4668-BE54-9A1E7A4F7556}") = "SV21T1020123.DataLayers", "SV21T1020123.DataLayers\SV21T1020123.DataLayers.csproj", "{EA1F4A11-2269-411A-B10D-33E6F7EBDCCA}"
EndProject
Project("{9A19103F-16F7-4668-BE54-9A1E7A4F7556}") = "SV21T1020123.BusinessLayers", "SV21T1020123.BusinessLayers\SV21T1020123.BusinessLayers.csproj", "{B4CCFC3F-035C-4181-8E0B-0DB45C99FA67}"
EndProject
Project("{9A19103F-16F7-4668-BE54-9A1E7A4F7556}") = "SV21T1020123.DomainModels", "SV21T1020123.DomainModels\SV21T1020123.DomainModels.csproj", "{C0F168FD-1309-455A-9B69-341FA6EDE7E9}"
EndProject
Project("{FAE04EC0-301F-11D3-BF4B-00C04F79EFBC}") = "SV21T1020123.Shop", "SV21T1020123.Shop\SV21T1020123.Shop.csproj", "{667D02ED-EE1C-46C7-9714-8A541EF3E271}"
EndProject
Global
	GlobalSection(SolutionConfigurationPlatforms) = preSolution
		Debug|Any CPU = Debug|Any CPU
		Release|Any CPU = Release|Any CPU
	EndGlobalSection
	GlobalSection(ProjectConfigurationPlatforms) = postSolution
		{2BFAD697-6F6F-4B76-A65E-D179CD1CE18A}.Debug|Any CPU.ActiveCfg = Debug|Any CPU
		{2BFAD697-6F6F-4B76-A65E-D179CD1CE18A}.Debug|Any CPU.Build.0 = Debug|Any CPU
		{2BFAD697-6F6F-4B76-A65E-D179CD1CE18A}.Release|Any CPU.ActiveCfg = Release|Any CPU
		{2BFAD697-6F6F-4B76-A65E-D179CD1CE18A}.Release|Any CPU.Build.0 = Release|Any CPU
		{EA1F4A11-2269-411A-B10D-33E6F7EBDCCA}.Debug|Any CPU.ActiveCfg = Debug|Any CPU
		{EA1F4A11-2269-411A-B10D-33E6F7EBDCCA}.Debug|Any CPU.Build.0 = Debug|Any CPU
		{EA1F4A11-2269-411A-B10D-33E6F7EBDCCA}.Release|Any CPU.ActiveCfg = Release|Any CPU
		{EA1F4A11-2269-411A-B10D-33E6F7EBDCCA}.Release|Any CPU.Build.0 = Release|Any CPU
		{B4CCFC3F-035C-4181-8E0B-0DB45C99FA67}.Debug|Any CPU.ActiveCfg = Debug|Any CPU
		{B4CCFC3F-035C-4181-8E0B-0DB45C99FA67}.Debug|Any CPU.Build.0 = Debug|Any CPU
		{B4CCFC3F-035C-4181-8E0B-0DB45C99FA67}.Release|Any CPU.ActiveCfg = Release|Any CPU
		{B4CCFC3F-035C-4181-8E0B-0DB45C99FA67}.Release|Any CPU.Build.0 = Release|Any CPU
		{C0F168FD-1309-455A-9B69-341FA6EDE7E9}.Debug|Any CPU.ActiveCfg = Debug|Any CPU
		{C0F168FD-1309-455A-9B69-341FA6EDE7E9}.Debug|Any CPU.Build.0 = Debug|Any CPU
		{C0F168FD-1309-455A-9B69-341FA6EDE7E9}.Release|Any CPU.ActiveCfg = Release|Any CPU
		{C0F168FD-1309-455A-9B69-341FA6EDE7E9}.Release|Any CPU.Build.0 = Release|Any CPU
		{667D02ED-EE1C-46C7-9714-8A541EF3E271}.Debug|Any CPU.ActiveCfg = Debug|Any CPU
		{667D02ED-EE1C-46C7-9714-8A541EF3E271}.Debug|Any CPU.Build.0 = Debug|Any CPU
		{667D02ED-EE1C-46C7-9714-8A541EF3E271}.Release|Any CPU.ActiveCfg = Release|Any CPU
		{667D02ED-EE1C-46C7-9714-8A541EF3E271}.Release|Any CPU.Build.0 = Release|Any CPU
	EndGlobalSection
	GlobalSection(SolutionProperties) = preSolution
		HideSolutionNode = FALSE
	EndGlobalSection
	GlobalSection(NestedProjects) = preSolution
		{2BFAD697-6F6F-4B76-A65E-D179CD1CE18A} = {BB02ED29-C791-4BC1-B363-7F6E318ACA28}
		{EA1F4A11-2269-411A-B10D-33E6F7EBDCCA} = {0C5B8ED5-2257-4679-ACA8-96A93A88DB44}
		{B4CCFC3F-035C-4181-8E0B-0DB45C99FA67} = {0C5B8ED5-2257-4679-ACA8-96A93A88DB44}
		{C0F168FD-1309-455A-9B69-341FA6EDE7E9} = {0C5B8ED5-2257-4679-ACA8-96A93A88DB44}
		{667D02ED-EE1C-46C7-9714-8A541EF3E271} = {BB02ED29-C791-4BC1-B363-7F6E318ACA28}
	EndGlobalSection
	GlobalSection(ExtensibilityGlobals) = postSolution
		SolutionGuid = {E8D7B7E4-E2DF-4CB3-9FC6-759CFDAE7B72}
	EndGlobalSection
EndGlobal
